
Microsoft Visual Studio Solution File, Format Version 12.00
# Visual Studio Version 17
VisualStudioVersion = 17.5.33530.505
MinimumVisualStudioVersion = 10.0.40219.1
Project("{FAE04EC0-301F-11D3-BF4B-00C04F79EFBC}") = "MovieApp", "MovieApp\MovieApp.csproj", "{A371F184-508F-4776-A34F-13D18F9A7736}"
EndProject
Global
	GlobalSection(SolutionConfigurationPlatforms) = preSolution
		Debug|Any CPU = Debug|Any CPU
		Release|Any CPU = Release|Any CPU
	EndGlobalSection
	GlobalSection(ProjectConfigurationPlatforms) = postSolution
		{A371F184-508F-4776-A34F-13D18F9A7736}.Debug|Any CPU.ActiveCfg = Debug|Any CPU
		{A371F184-508F-4776-A34F-13D18F9A7736}.Debug|Any CPU.Build.0 = Debug|Any CPU
		{A371F184-508F-4776-A34F-13D18F9A7736}.Release|Any CPU.ActiveCfg = Release|Any CPU
		{A371F184-508F-4776-A34F-13D18F9A7736}.Release|Any CPU.Build.0 = Release|Any CPU
	EndGlobalSection
	GlobalSection(SolutionProperties) = preSolution
		HideSolutionNode = FALSE
	EndGlobalSection
	GlobalSection(ExtensibilityGlobals) = postSolution
		SolutionGuid = {EDA286F3-6B46-4ADA-A062-DF0F937773FF}
	EndGlobalSection
EndGlobal
